
Microsoft Visual Studio Solution File, Format Version 12.00
# Visual Studio Version 17
VisualStudioVersion = 17.9.34526.213
MinimumVisualStudioVersion = 10.0.40219.1
Project("{FAE04EC0-301F-11D3-BF4B-00C04F79EFBC}") = "BlazorApp", "BlazorApp.csproj", "{72908B8F-25E8-445B-9C57-7AB03041645D}"
EndProject
Global
	GlobalSection(SolutionConfigurationPlatforms) = preSolution
		Debug|Any CPU = Debug|Any CPU
		Release|Any CPU = Release|Any CPU
	EndGlobalSection
	GlobalSection(ProjectConfigurationPlatforms) = postSolution
		{72908B8F-25E8-445B-9C57-7AB03041645D}.Debug|Any CPU.ActiveCfg = Debug|Any CPU
		{72908B8F-25E8-445B-9C57-7AB03041645D}.Debug|Any CPU.Build.0 = Debug|Any CPU
		{72908B8F-25E8-445B-9C57-7AB03041645D}.Release|Any CPU.ActiveCfg = Release|Any CPU
		{72908B8F-25E8-445B-9C57-7AB03041645D}.Release|Any CPU.Build.0 = Release|Any CPU
	EndGlobalSection
	GlobalSection(SolutionProperties) = preSolution
		HideSolutionNode = FALSE
	EndGlobalSection
	GlobalSection(ExtensibilityGlobals) = postSolution
		SolutionGuid = {7DF3AA8C-E11E-483B-8409-BBF183C46CA2}
	EndGlobalSection
EndGlobal
