
Microsoft Visual Studio Solution File, Format Version 12.00
# Visual Studio Version 17
VisualStudioVersion = 17.8.34322.80
MinimumVisualStudioVersion = 10.0.40219.1
Project("{9A19103F-16F7-4668-BE54-9A1E7A4F7556}") = "AvaloniaTouch", "AvaloniaTouch\AvaloniaTouch.csproj", "{5497CC6E-F684-4D96-9C7D-5B8D025E67D4}"
EndProject
Project("{9A19103F-16F7-4668-BE54-9A1E7A4F7556}") = "AvaloniaTouch.Desktop", "AvaloniaTouch.Desktop\AvaloniaTouch.Desktop.csproj", "{911B58B6-50BC-426C-86AF-AA92858C06F4}"
EndProject
Global
	GlobalSection(SolutionConfigurationPlatforms) = preSolution
		Debug|Any CPU = Debug|Any CPU
		Release|Any CPU = Release|Any CPU
	EndGlobalSection
	GlobalSection(ProjectConfigurationPlatforms) = postSolution
		{5497CC6E-F684-4D96-9C7D-5B8D025E67D4}.Debug|Any CPU.ActiveCfg = Debug|Any CPU
		{5497CC6E-F684-4D96-9C7D-5B8D025E67D4}.Debug|Any CPU.Build.0 = Debug|Any CPU
		{5497CC6E-F684-4D96-9C7D-5B8D025E67D4}.Release|Any CPU.ActiveCfg = Release|Any CPU
		{5497CC6E-F684-4D96-9C7D-5B8D025E67D4}.Release|Any CPU.Build.0 = Release|Any CPU
		{911B58B6-50BC-426C-86AF-AA92858C06F4}.Debug|Any CPU.ActiveCfg = Debug|Any CPU
		{911B58B6-50BC-426C-86AF-AA92858C06F4}.Debug|Any CPU.Build.0 = Debug|Any CPU
		{911B58B6-50BC-426C-86AF-AA92858C06F4}.Release|Any CPU.ActiveCfg = Release|Any CPU
		{911B58B6-50BC-426C-86AF-AA92858C06F4}.Release|Any CPU.Build.0 = Release|Any CPU
	EndGlobalSection
	GlobalSection(SolutionProperties) = preSolution
		HideSolutionNode = FALSE
	EndGlobalSection
	GlobalSection(ExtensibilityGlobals) = postSolution
		SolutionGuid = {1B136605-1924-40CB-AC04-989DE0A9D2BE}
	EndGlobalSection
EndGlobal
