
Microsoft Visual Studio Solution File, Format Version 12.00
# Visual Studio Version 17
VisualStudioVersion = 17.8.34322.80
MinimumVisualStudioVersion = 10.0.40219.1
Project("{9A19103F-16F7-4668-BE54-9A1E7A4F7556}") = "DetectFace", "DetectFace\DetectFace.csproj", "{553662A7-016A-4CC6-8081-D2994631B9D2}"
EndProject
Global
	GlobalSection(SolutionConfigurationPlatforms) = preSolution
		Debug|Any CPU = Debug|Any CPU
		Release|Any CPU = Release|Any CPU
	EndGlobalSection
	GlobalSection(ProjectConfigurationPlatforms) = postSolution
		{553662A7-016A-4CC6-8081-D2994631B9D2}.Debug|Any CPU.ActiveCfg = Debug|Any CPU
		{553662A7-016A-4CC6-8081-D2994631B9D2}.Debug|Any CPU.Build.0 = Debug|Any CPU
		{553662A7-016A-4CC6-8081-D2994631B9D2}.Release|Any CPU.ActiveCfg = Release|Any CPU
		{553662A7-016A-4CC6-8081-D2994631B9D2}.Release|Any CPU.Build.0 = Release|Any CPU
	EndGlobalSection
	GlobalSection(SolutionProperties) = preSolution
		HideSolutionNode = FALSE
	EndGlobalSection
	GlobalSection(ExtensibilityGlobals) = postSolution
		SolutionGuid = {6EEE9FE6-2664-4D04-8E40-22C22FE4BAB8}
	EndGlobalSection
EndGlobal
